// !$*UTF8*$!
{
	archiveVersion = 1;
	classes = {
	};
	objectVersion = 50;
	objects = {

/* Begin PBXBuildFile section */
		111CB285248FC301000FF1B8 /* DetailViewController.swift in Sources */ = {isa = PBXBuildFile; fileRef = 111CB284248FC301000FF1B8 /* DetailViewController.swift */; };
		111CB287248FC39D000FF1B8 /* DataManeger.swift in Sources */ = {isa = PBXBuildFile; fileRef = 111CB286248FC39D000FF1B8 /* DataManeger.swift */; };
		112471C82490384000B86050 /* Person.swift in Sources */ = {isa = PBXBuildFile; fileRef = 112471C72490384000B86050 /* Person.swift */; };
		1131DDB0248FBE5900E56459 /* AppDelegate.swift in Sources */ = {isa = PBXBuildFile; fileRef = 1131DDAF248FBE5900E56459 /* AppDelegate.swift */; };
		1131DDB2248FBE5900E56459 /* SceneDelegate.swift in Sources */ = {isa = PBXBuildFile; fileRef = 1131DDB1248FBE5900E56459 /* SceneDelegate.swift */; };
		1131DDB7248FBE5900E56459 /* Main.storyboard in Resources */ = {isa = PBXBuildFile; fileRef = 1131DDB5248FBE5900E56459 /* Main.storyboard */; };
		1131DDB9248FBE5A00E56459 /* Assets.xcassets in Resources */ = {isa = PBXBuildFile; fileRef = 1131DDB8248FBE5A00E56459 /* Assets.xcassets */; };
		1131DDBC248FBE5A00E56459 /* LaunchScreen.storyboard in Resources */ = {isa = PBXBuildFile; fileRef = 1131DDBA248FBE5A00E56459 /* LaunchScreen.storyboard */; };
		1131DDC4248FBF8400E56459 /* FirstTableViewController.swift in Sources */ = {isa = PBXBuildFile; fileRef = 1131DDC3248FBF8400E56459 /* FirstTableViewController.swift */; };
		1131DDC6248FBF8E00E56459 /* SecondTableViewController.swift in Sources */ = {isa = PBXBuildFile; fileRef = 1131DDC5248FBF8E00E56459 /* SecondTableViewController.swift */; };
/* End PBXBuildFile section */

/* Begin PBXFileReference section */
		111CB284248FC301000FF1B8 /* DetailViewController.swift */ = {isa = PBXFileReference; lastKnownFileType = sourcecode.swift; path = DetailViewController.swift; sourceTree = "<group>"; };
		111CB286248FC39D000FF1B8 /* DataManeger.swift */ = {isa = PBXFileReference; lastKnownFileType = sourcecode.swift; path = DataManeger.swift; sourceTree = "<group>"; };
		112471C72490384000B86050 /* Person.swift */ = {isa = PBXFileReference; lastKnownFileType = sourcecode.swift; path = Person.swift; sourceTree = "<group>"; };
		1131DDAC248FBE5900E56459 /* RandomNames.app */ = {isa = PBXFileReference; explicitFileType = wrapper.application; includeInIndex = 0; path = RandomNames.app; sourceTree = BUILT_PRODUCTS_DIR; };
		1131DDAF248FBE5900E56459 /* AppDelegate.swift */ = {isa = PBXFileReference; lastKnownFileType = sourcecode.swift; path = AppDelegate.swift; sourceTree = "<group>"; };
		1131DDB1248FBE5900E56459 /* SceneDelegate.swift */ = {isa = PBXFileReference; lastKnownFileType = sourcecode.swift; path = SceneDelegate.swift; sourceTree = "<group>"; };
		1131DDB6248FBE5900E56459 /* Base */ = {isa = PBXFileReference; lastKnownFileType = file.storyboard; name = Base; path = Base.lproj/Main.storyboard; sourceTree = "<group>"; };
		1131DDB8248FBE5A00E56459 /* Assets.xcassets */ = {isa = PBXFileReference; lastKnownFileType = folder.assetcatalog; path = Assets.xcassets; sourceTree = "<group>"; };
		1131DDBB248FBE5A00E56459 /* Base */ = {isa = PBXFileReference; lastKnownFileType = file.storyboard; name = Base; path = Base.lproj/LaunchScreen.storyboard; sourceTree = "<group>"; };
		1131DDBD248FBE5A00E56459 /* Info.plist */ = {isa = PBXFileReference; lastKnownFileType = text.plist.xml; path = Info.plist; sourceTree = "<group>"; };
		1131DDC3248FBF8400E56459 /* FirstTableViewController.swift */ = {isa = PBXFileReference; lastKnownFileType = sourcecode.swift; path = FirstTableViewController.swift; sourceTree = "<group>"; };
		1131DDC5248FBF8E00E56459 /* SecondTableViewController.swift */ = {isa = PBXFileReference; lastKnownFileType = sourcecode.swift; path = SecondTableViewController.swift; sourceTree = "<group>"; };
/* End PBXFileReference section */

/* Begin PBXFrameworksBuildPhase section */
		1131DDA9248FBE5900E56459 /* Frameworks */ = {
			isa = PBXFrameworksBuildPhase;
			buildActionMask = 2147483647;
			files = (
			);
			runOnlyForDeploymentPostprocessing = 0;
		};
/* End PBXFrameworksBuildPhase section */

/* Begin PBXGroup section */
		1131DDA3248FBE5900E56459 = {
			isa = PBXGroup;
			children = (
				1131DDAE248FBE5900E56459 /* RandomNames */,
				1131DDAD248FBE5900E56459 /* Products */,
			);
			sourceTree = "<group>";
		};
		1131DDAD248FBE5900E56459 /* Products */ = {
			isa = PBXGroup;
			children = (
				1131DDAC248FBE5900E56459 /* RandomNames.app */,
			);
			name = Products;
			sourceTree = "<group>";
		};
		1131DDAE248FBE5900E56459 /* RandomNames */ = {
			isa = PBXGroup;
			children = (
				118C312E2490D5D5002D0537 /* SupportingFiles */,
				118C312F2490D5E7002D0537 /* ViewControllers */,
				118C31302490D603002D0537 /* Model */,
				1131DDB5248FBE5900E56459 /* Main.storyboard */,
				1131DDB8248FBE5A00E56459 /* Assets.xcassets */,
				1131DDBA248FBE5A00E56459 /* LaunchScreen.storyboard */,
				1131DDBD248FBE5A00E56459 /* Info.plist */,
			);
			path = RandomNames;
			sourceTree = "<group>";
		};
		118C312E2490D5D5002D0537 /* SupportingFiles */ = {
			isa = PBXGroup;
			children = (
				1131DDAF248FBE5900E56459 /* AppDelegate.swift */,
				1131DDB1248FBE5900E56459 /* SceneDelegate.swift */,
			);
			path = SupportingFiles;
			sourceTree = "<group>";
		};
		118C312F2490D5E7002D0537 /* ViewControllers */ = {
			isa = PBXGroup;
			children = (
				1131DDC3248FBF8400E56459 /* FirstTableViewController.swift */,
				1131DDC5248FBF8E00E56459 /* SecondTableViewController.swift */,
				111CB286248FC39D000FF1B8 /* DataManeger.swift */,
			);
			path = ViewControllers;
			sourceTree = "<group>";
		};
		118C31302490D603002D0537 /* Model */ = {
			isa = PBXGroup;
			children = (
				112471C72490384000B86050 /* Person.swift */,
				111CB284248FC301000FF1B8 /* DetailViewController.swift */,
			);
			path = Model;
			sourceTree = "<group>";
		};
/* End PBXGroup section */

/* Begin PBXNativeTarget section */
		1131DDAB248FBE5900E56459 /* RandomNames */ = {
			isa = PBXNativeTarget;
			buildConfigurationList = 1131DDC0248FBE5A00E56459 /* Build configuration list for PBXNativeTarget "RandomNames" */;
			buildPhases = (
				1131DDA8248FBE5900E56459 /* Sources */,
				1131DDA9248FBE5900E56459 /* Frameworks */,
				1131DDAA248FBE5900E56459 /* Resources */,
			);
			buildRules = (
			);
			dependencies = (
			);
			name = RandomNames;
			productName = RandomNames;
			productReference = 1131DDAC248FBE5900E56459 /* RandomNames.app */;
			productType = "com.apple.product-type.application";
		};
/* End PBXNativeTarget section */

/* Begin PBXProject section */
		1131DDA4248FBE5900E56459 /* Project object */ = {
			isa = PBXProject;
			attributes = {
				LastSwiftUpdateCheck = 1150;
				LastUpgradeCheck = 1150;
				ORGANIZATIONNAME = "Alexander Bekhter";
				TargetAttributes = {
					1131DDAB248FBE5900E56459 = {
						CreatedOnToolsVersion = 11.5;
					};
				};
			};
			buildConfigurationList = 1131DDA7248FBE5900E56459 /* Build configuration list for PBXProject "RandomNames" */;
			compatibilityVersion = "Xcode 9.3";
			developmentRegion = en;
			hasScannedForEncodings = 0;
			knownRegions = (
				en,
				Base,
			);
			mainGroup = 1131DDA3248FBE5900E56459;
			productRefGroup = 1131DDAD248FBE5900E56459 /* Products */;
			projectDirPath = "";
			projectRoot = "";
			targets = (
				1131DDAB248FBE5900E56459 /* RandomNames */,
			);
		};
/* End PBXProject section */

/* Begin PBXResourcesBuildPhase section */
		1131DDAA248FBE5900E56459 /* Resources */ = {
			isa = PBXResourcesBuildPhase;
			buildActionMask = 2147483647;
			files = (
				1131DDBC248FBE5A00E56459 /* LaunchScreen.storyboard in Resources */,
				1131DDB9248FBE5A00E56459 /* Assets.xcassets in Resources */,
				1131DDB7248FBE5900E56459 /* Main.storyboard in Resources */,
			);
			runOnlyForDeploymentPostprocessing = 0;
		};
/* End PBXResourcesBuildPhase section */

/* Begin PBXSourcesBuildPhase section */
		1131DDA8248FBE5900E56459 /* Sources */ = {
			isa = PBXSourcesBuildPhase;
			buildActionMask = 2147483647;
			files = (
				111CB287248FC39D000FF1B8 /* DataManeger.swift in Sources */,
				1131DDB0248FBE5900E56459 /* AppDelegate.swift in Sources */,
				1131DDC6248FBF8E00E56459 /* SecondTableViewController.swift in Sources */,
				111CB285248FC301000FF1B8 /* DetailViewController.swift in Sources */,
				1131DDB2248FBE5900E56459 /* SceneDelegate.swift in Sources */,
				1131DDC4248FBF8400E56459 /* FirstTableViewController.swift in Sources */,
				112471C82490384000B86050 /* Person.swift in Sources */,
			);
			runOnlyForDeploymentPostprocessing = 0;
		};
/* End PBXSourcesBuildPhase section */

/* Begin PBXVariantGroup section */
		1131DDB5248FBE5900E56459 /* Main.storyboard */ = {
			isa = PBXVariantGroup;
			children = (
				1131DDB6248FBE5900E56459 /* Base */,
			);
			name = Main.storyboard;
			sourceTree = "<group>";
		};
		1131DDBA248FBE5A00E56459 /* LaunchScreen.storyboard */ = {
			isa = PBXVariantGroup;
			children = (
				1131DDBB248FBE5A00E56459 /* Base */,
			);
			name = LaunchScreen.storyboard;
			sourceTree = "<group>";
		};
/* End PBXVariantGroup section */

/* Begin XCBuildConfiguration section */
		1131DDBE248FBE5A00E56459 /* Debug */ = {
			isa = XCBuildConfiguration;
			buildSettings = {
				ALWAYS_SEARCH_USER_PATHS = NO;
				CLANG_ANALYZER_NONNULL = YES;
				CLANG_ANALYZER_NUMBER_OBJECT_CONVERSION = YES_AGGRESSIVE;
				CLANG_CXX_LANGUAGE_STANDARD = "gnu++14";
				CLANG_CXX_LIBRARY = "libc++";
				CLANG_ENABLE_MODULES = YES;
				CLANG_ENABLE_OBJC_ARC = YES;
				CLANG_ENABLE_OBJC_WEAK = YES;
				CLANG_WARN_BLOCK_CAPTURE_AUTORELEASING = YES;
				CLANG_WARN_BOOL_CONVERSION = YES;
				CLANG_WARN_COMMA = YES;
				CLANG_WARN_CONSTANT_CONVERSION = YES;
				CLANG_WARN_DEPRECATED_OBJC_IMPLEMENTATIONS = YES;
				CLANG_WARN_DIRECT_OBJC_ISA_USAGE = YES_ERROR;
				CLANG_WARN_DOCUMENTATION_COMMENTS = YES;
				CLANG_WARN_EMPTY_BODY = YES;
				CLANG_WARN_ENUM_CONVERSION = YES;
				CLANG_WARN_INFINITE_RECURSION = YES;
				CLANG_WARN_INT_CONVERSION = YES;
				CLANG_WARN_NON_LITERAL_NULL_CONVERSION = YES;
				CLANG_WARN_OBJC_IMPLICIT_RETAIN_SELF = YES;
				CLANG_WARN_OBJC_LITERAL_CONVERSION = YES;
				CLANG_WARN_OBJC_ROOT_CLASS = YES_ERROR;
				CLANG_WARN_RANGE_LOOP_ANALYSIS = YES;
				CLANG_WARN_STRICT_PROTOTYPES = YES;
				CLANG_WARN_SUSPICIOUS_MOVE = YES;
				CLANG_WARN_UNGUARDED_AVAILABILITY = YES_AGGRESSIVE;
				CLANG_WARN_UNREACHABLE_CODE = YES;
				CLANG_WARN__DUPLICATE_METHOD_MATCH = YES;
				COPY_PHASE_STRIP = NO;
				DEBUG_INFORMATION_FORMAT = dwarf;
				ENABLE_STRICT_OBJC_MSGSEND = YES;
				ENABLE_TESTABILITY = YES;
				GCC_C_LANGUAGE_STANDARD = gnu11;
				GCC_DYNAMIC_NO_PIC = NO;
				GCC_NO_COMMON_BLOCKS = YES;
				GCC_OPTIMIZATION_LEVEL = 0;
				GCC_PREPROCESSOR_DEFINITIONS = (
					"DEBUG=1",
					"$(inherited)",
				);
				GCC_WARN_64_TO_32_BIT_CONVERSION = YES;
				GCC_WARN_ABOUT_RETURN_TYPE = YES_ERROR;
				GCC_WARN_UNDECLARED_SELECTOR = YES;
				GCC_WARN_UNINITIALIZED_AUTOS = YES_AGGRESSIVE;
				GCC_WARN_UNUSED_FUNCTION = YES;
				GCC_WARN_UNUSED_VARIABLE = YES;
				IPHONEOS_DEPLOYMENT_TARGET = 13.5;
				MTL_ENABLE_DEBUG_INFO = INCLUDE_SOURCE;
				MTL_FAST_MATH = YES;
				ONLY_ACTIVE_ARCH = YES;
				SDKROOT = iphoneos;
				SWIFT_ACTIVE_COMPILATION_CONDITIONS = DEBUG;
				SWIFT_OPTIMIZATION_LEVEL = "-Onone";
			};
			name = Debug;
		};
		1131DDBF248FBE5A00E56459 /* Release */ = {
			isa = XCBuildConfiguration;
			buildSettings = {
				ALWAYS_SEARCH_USER_PATHS = NO;
				CLANG_ANALYZER_NONNULL = YES;
				CLANG_ANALYZER_NUMBER_OBJECT_CONVERSION = YES_AGGRESSIVE;
				CLANG_CXX_LANGUAGE_STANDARD = "gnu++14";
				CLANG_CXX_LIBRARY = "libc++";
				CLANG_ENABLE_MODULES = YES;
				CLANG_ENABLE_OBJC_ARC = YES;
				CLANG_ENABLE_OBJC_WEAK = YES;
				CLANG_WARN_BLOCK_CAPTURE_AUTORELEASING = YES;
				CLANG_WARN_BOOL_CONVERSION = YES;
				CLANG_WARN_COMMA = YES;
				CLANG_WARN_CONSTANT_CONVERSION = YES;
				CLANG_WARN_DEPRECATED_OBJC_IMPLEMENTATIONS = YES;
				CLANG_WARN_DIRECT_OBJC_ISA_USAGE = YES_ERROR;
				CLANG_WARN_DOCUMENTATION_COMMENTS = YES;
				CLANG_WARN_EMPTY_BODY = YES;
				CLANG_WARN_ENUM_CONVERSION = YES;
				CLANG_WARN_INFINITE_RECURSION = YES;
				CLANG_WARN_INT_CONVERSION = YES;
				CLANG_WARN_NON_LITERAL_NULL_CONVERSION = YES;
				CLANG_WARN_OBJC_IMPLICIT_RETAIN_SELF = YES;
				CLANG_WARN_OBJC_LITERAL_CONVERSION = YES;
				CLANG_WARN_OBJC_ROOT_CLASS = YES_ERROR;
				CLANG_WARN_RANGE_LOOP_ANALYSIS = YES;
				CLANG_WARN_STRICT_PROTOTYPES = YES;
				CLANG_WARN_SUSPICIOUS_MOVE = YES;
				CLANG_WARN_UNGUARDED_AVAILABILITY = YES_AGGRESSIVE;
				CLANG_WARN_UNREACHABLE_CODE = YES;
				CLANG_WARN__DUPLICATE_METHOD_MATCH = YES;
				COPY_PHASE_STRIP = NO;
				DEBUG_INFORMATION_FORMAT = "dwarf-with-dsym";
				ENABLE_NS_ASSERTIONS = NO;
				ENABLE_STRICT_OBJC_MSGSEND = YES;
				GCC_C_LANGUAGE_STANDARD = gnu11;
				GCC_NO_COMMON_BLOCKS = YES;
				GCC_WARN_64_TO_32_BIT_CONVERSION = YES;
				GCC_WARN_ABOUT_RETURN_TYPE = YES_ERROR;
				GCC_WARN_UNDECLARED_SELECTOR = YES;
				GCC_WARN_UNINITIALIZED_AUTOS = YES_AGGRESSIVE;
				GCC_WARN_UNUSED_FUNCTION = YES;
				GCC_WARN_UNUSED_VARIABLE = YES;
				IPHONEOS_DEPLOYMENT_TARGET = 13.5;
				MTL_ENABLE_DEBUG_INFO = NO;
				MTL_FAST_MATH = YES;
				SDKROOT = iphoneos;
				SWIFT_COMPILATION_MODE = wholemodule;
				SWIFT_OPTIMIZATION_LEVEL = "-O";
				VALIDATE_PRODUCT = YES;
			};
			name = Release;
		};
		1131DDC1248FBE5A00E56459 /* Debug */ = {
			isa = XCBuildConfiguration;
			buildSettings = {
				ASSETCATALOG_COMPILER_APPICON_NAME = AppIcon;
				CODE_SIGN_STYLE = Automatic;
				DEVELOPMENT_TEAM = 4E77TZ5DGN;
				INFOPLIST_FILE = RandomNames/Info.plist;
				LD_RUNPATH_SEARCH_PATHS = (
					"$(inherited)",
					"@executable_path/Frameworks",
				);
				PRODUCT_BUNDLE_IDENTIFIER = AllSymmons.RandomNames;
				PRODUCT_NAME = "$(TARGET_NAME)";
				SWIFT_VERSION = 5.0;
				TARGETED_DEVICE_FAMILY = "1,2";
			};
			name = Debug;
		};
		1131DDC2248FBE5A00E56459 /* Release */ = {
			isa = XCBuildConfiguration;
			buildSettings = {
				ASSETCATALOG_COMPILER_APPICON_NAME = AppIcon;
				CODE_SIGN_STYLE = Automatic;
				DEVELOPMENT_TEAM = 4E77TZ5DGN;
				INFOPLIST_FILE = RandomNames/Info.plist;
				LD_RUNPATH_SEARCH_PATHS = (
					"$(inherited)",
					"@executable_path/Frameworks",
				);
				PRODUCT_BUNDLE_IDENTIFIER = AllSymmons.RandomNames;
				PRODUCT_NAME = "$(TARGET_NAME)";
				SWIFT_VERSION = 5.0;
				TARGETED_DEVICE_FAMILY = "1,2";
			};
			name = Release;
		};
/* End XCBuildConfiguration section */

/* Begin XCConfigurationList section */
		1131DDA7248FBE5900E56459 /* Build configuration list for PBXProject "RandomNames" */ = {
			isa = XCConfigurationList;
			buildConfigurations = (
				1131DDBE248FBE5A00E56459 /* Debug */,
				1131DDBF248FBE5A00E56459 /* Release */,
			);
			defaultConfigurationIsVisible = 0;
			defaultConfigurationName = Release;
		};
		1131DDC0248FBE5A00E56459 /* Build configuration list for PBXNativeTarget "RandomNames" */ = {
			isa = XCConfigurationList;
			buildConfigurations = (
				1131DDC1248FBE5A00E56459 /* Debug */,
				1131DDC2248FBE5A00E56459 /* Release */,
			);
			defaultConfigurationIsVisible = 0;
			defaultConfigurationName = Release;
		};
/* End XCConfigurationList section */
	};
	rootObject = 1131DDA4248FBE5900E56459 /* Project object */;
}
